
Microsoft Visual Studio Solution File, Format Version 12.00
# Visual Studio 15
VisualStudioVersion = 15.0.28010.2036
MinimumVisualStudioVersion = 10.0.40219.1
Project("{FAE04EC0-301F-11D3-BF4B-00C04F79EFBC}") = "Demo", "Demo\Demo.csproj", "{7540DE7B-2B68-4922-B2CF-841484C1834C}"
EndProject
Global
	GlobalSection(SolutionConfigurationPlatforms) = preSolution
		Debug|Any CPU = Debug|Any CPU
		Release|Any CPU = Release|Any CPU
	EndGlobalSection
	GlobalSection(ProjectConfigurationPlatforms) = postSolution
		{7540DE7B-2B68-4922-B2CF-841484C1834C}.Debug|Any CPU.ActiveCfg = Debug|Any CPU
		{7540DE7B-2B68-4922-B2CF-841484C1834C}.Debug|Any CPU.Build.0 = Debug|Any CPU
		{7540DE7B-2B68-4922-B2CF-841484C1834C}.Release|Any CPU.ActiveCfg = Release|Any CPU
		{7540DE7B-2B68-4922-B2CF-841484C1834C}.Release|Any CPU.Build.0 = Release|Any CPU
	EndGlobalSection
	GlobalSection(SolutionProperties) = preSolution
		HideSolutionNode = FALSE
	EndGlobalSection
	GlobalSection(ExtensibilityGlobals) = postSolution
		SolutionGuid = {3A308E00-B54F-4166-8372-08A246DBE9E1}
	EndGlobalSection
EndGlobal
